{
  "version": "5",
  "specifiers": {
    "jsr:@openai/openai@^4.98.0": "4.102.0",
    "jsr:@std/assert@*": "1.0.13",
    "jsr:@std/assert@1.0.13": "1.0.13",
    "jsr:@std/async@*": "1.0.13",
    "jsr:@std/async@1": "1.0.13",
    "jsr:@std/cli@*": "1.0.19",
    "jsr:@std/cli@1": "1.0.19",
    "jsr:@std/crypto@*": "1.0.5",
    "jsr:@std/internal@^1.0.6": "1.0.8",
    "npm:@livestore/adapter-node@*": "0.3.1_vite@6.3.4__picomatch@4.0.2_@opentelemetry+api@1.9.0",
    "npm:@livestore/adapter-node@~0.3.1": "0.3.1_vite@6.3.4__picomatch@4.0.2_@opentelemetry+api@1.9.0",
    "npm:@livestore/livestore@*": "0.3.1_@opentelemetry+api@1.9.0",
    "npm:@livestore/livestore@~0.3.1": "0.3.1_@opentelemetry+api@1.9.0",
    "npm:@livestore/sync-cf@~0.3.1": "0.3.1",
    "npm:@opentelemetry/api@*": "1.9.0",
    "npm:@opentelemetry/api@^1.9.0": "1.9.0",
    "npm:pyodide@*": "0.27.7",
    "npm:pyodide@~0.27.7": "0.27.7",
    "npm:strip-ansi@^7.1.0": "7.1.0"
  },
  "jsr": {
    "@openai/openai@4.102.0": {
      "integrity": "ea5201bc5c8a696d3a5139a9cd2252e3ab9b2b880769a9cd7f05602ea1a02acf"
    },
    "@std/assert@1.0.13": {
      "integrity": "ae0d31e41919b12c656c742b22522c32fb26ed0cba32975cb0de2a273cb68b29",
      "dependencies": [
        "jsr:@std/internal"
      ]
    },
    "@std/async@1.0.13": {
      "integrity": "1d76ca5d324aef249908f7f7fe0d39aaf53198e5420604a59ab5c035adc97c96"
    },
    "@std/cli@1.0.19": {
      "integrity": "b3601a54891f89f3f738023af11960c4e6f7a45dc76cde39a6861124cba79e88"
    },
    "@std/crypto@1.0.5": {
      "integrity": "0dcfbb319fe0bba1bd3af904ceb4f948cde1b92979ec1614528380ed308a3b40"
    },
    "@std/internal@1.0.8": {
      "integrity": "fc66e846d8d38a47cffd274d80d2ca3f0de71040f855783724bb6b87f60891f5"
    }
  },
  "npm": {
    "@effect/cli@0.61.8_@effect+platform@0.82.8__effect@3.15.5_@effect+printer@0.43.5__@effect+typeclass@0.34.5___effect@3.15.5__effect@3.15.5_@effect+printer-ansi@0.43.5__@effect+typeclass@0.34.5___effect@3.15.5__effect@3.15.5_effect@3.15.5_@effect+typeclass@0.34.5__effect@3.15.5": {
      "integrity": "sha512-CRdzBUW3SkjsL1Og5bnh7nt1VN0JwNLyfnjlzTWwtIm07WFFdcZXUXquFJfmU++eTP5Kfp8JbZYvsHwmzg/q1w==",
      "dependencies": [
        "@effect/platform",
        "@effect/printer",
        "@effect/printer-ansi",
        "effect",
        "ini",
        "toml",
        "yaml"
      ]
    },
    "@effect/cluster@0.34.5_@effect+platform@0.82.8__effect@3.15.5_@effect+rpc@0.59.9__@effect+platform@0.82.8___effect@3.15.5__effect@3.15.5_@effect+sql@0.35.8__@effect+experimental@0.46.8___@effect+platform@0.82.8____effect@3.15.5___effect@3.15.5__@effect+platform@0.82.8___effect@3.15.5__effect@3.15.5_effect@3.15.5_@effect+experimental@0.46.8__@effect+platform@0.82.8___effect@3.15.5__effect@3.15.5": {
      "integrity": "sha512-QlXfP8sTTijyw0XQdMFmjIVywqhrbrIuQ64RIazuNdiHkBMLGqkXPerFXdQwaeDeCb8iWy4vAUZSPqThCeHIdw==",
      "dependencies": [
        "@effect/platform",
        "@effect/rpc",
        "@effect/sql",
        "effect"
      ]
    },
    "@effect/experimental@0.46.8_@effect+platform@0.82.8__effect@3.15.5_effect@3.15.5": {
      "integrity": "sha512-2XasqFLQZFy2PGybFdBjgflXFfPuorc/6DMxogeTDHknZa0RH4KoJQQlWaCngbKMsZrZcv0jV+Zi4aDZsVGl7g==",
      "dependencies": [
        "@effect/platform",
        "effect",
        "uuid"
      ]
    },
    "@effect/opentelemetry@0.48.8_@effect+platform@0.82.8__effect@3.15.5_@opentelemetry+api@1.9.0_@opentelemetry+resources@2.0.1__@opentelemetry+api@1.9.0_@opentelemetry+semantic-conventions@1.34.0_effect@3.15.5": {
      "integrity": "sha512-ZULA3TSLVx3ylcWcmwg5wHiDIMc+LWPxUQVEqE5I+PgqNcPuhk11DjLO+ZYPWbQ2nF7NsawMactNOVCZLMQa7Q==",
      "dependencies": [
        "@effect/platform",
        "@opentelemetry/api",
        "@opentelemetry/resources",
        "@opentelemetry/semantic-conventions",
        "effect"
      ],
      "optionalPeers": [
        "@opentelemetry/api",
        "@opentelemetry/resources"
      ]
    },
    "@effect/platform-browser@0.62.8_@effect+platform@0.82.8__effect@3.15.5_effect@3.15.5": {
      "integrity": "sha512-xMLpEOrQcZnqZH/DIBjZdYo6W2gtFPgbrt8uxKhDg/GrEXPLJW/yxuKh7JCO/yuQWWZf6o/qhgEVHB406ppwYg==",
      "dependencies": [
        "@effect/platform",
        "effect",
        "multipasta"
      ]
    },
    "@effect/platform-bun@0.65.5_@effect+cluster@0.34.5__@effect+platform@0.82.8___effect@3.15.5__@effect+rpc@0.59.9___@effect+platform@0.82.8____effect@3.15.5___effect@3.15.5__@effect+sql@0.35.8___@effect+experimental@0.46.8____@effect+platform@0.82.8_____effect@3.15.5____effect@3.15.5___@effect+platform@0.82.8____effect@3.15.5___effect@3.15.5__effect@3.15.5__@effect+experimental@0.46.8___@effect+platform@0.82.8____effect@3.15.5___effect@3.15.5_@effect+platform@0.82.8__effect@3.15.5_@effect+rpc@0.59.9__@effect+platform@0.82.8___effect@3.15.5__effect@3.15.5_@effect+sql@0.35.8__@effect+experimental@0.46.8___@effect+platform@0.82.8____effect@3.15.5___effect@3.15.5__@effect+platform@0.82.8___effect@3.15.5__effect@3.15.5_effect@3.15.5_@effect+experimental@0.46.8__@effect+platform@0.82.8___effect@3.15.5__effect@3.15.5": {
      "integrity": "sha512-XAbcJ9UbyCHzEWrUg2kGrZBAnQgVR6MRva1NWf7oU9+Q7SgDuMriNhvIOm9OTjS5KWrwTlzYa8Lr0gmCNEkewQ==",
      "dependencies": [
        "@effect/cluster",
        "@effect/platform",
        "@effect/platform-node-shared",
        "@effect/rpc",
        "@effect/sql",
        "effect",
        "multipasta"
      ]
    },
    "@effect/platform-node-shared@0.35.5_@effect+cluster@0.34.5__@effect+platform@0.82.8___effect@3.15.5__@effect+rpc@0.59.9___@effect+platform@0.82.8____effect@3.15.5___effect@3.15.5__@effect+sql@0.35.8___@effect+experimental@0.46.8____@effect+platform@0.82.8_____effect@3.15.5____effect@3.15.5___@effect+platform@0.82.8____effect@3.15.5___effect@3.15.5__effect@3.15.5__@effect+experimental@0.46.8___@effect+platform@0.82.8____effect@3.15.5___effect@3.15.5_@effect+platform@0.82.8__effect@3.15.5_@effect+rpc@0.59.9__@effect+platform@0.82.8___effect@3.15.5__effect@3.15.5_@effect+sql@0.35.8__@effect+experimental@0.46.8___@effect+platform@0.82.8____effect@3.15.5___effect@3.15.5__@effect+platform@0.82.8___effect@3.15.5__effect@3.15.5_effect@3.15.5_@effect+experimental@0.46.8__@effect+platform@0.82.8___effect@3.15.5__effect@3.15.5": {
      "integrity": "sha512-F0Hh+aueRxOw2vqo9LNqWh31ch5WBhz0Hp0vYQ8jntjLOsvN5oX/0JbGO4E5BNsMZV5HCraP6I4ACjP3KUnvCQ==",
      "dependencies": [
        "@effect/cluster",
        "@effect/platform",
        "@effect/rpc",
        "@effect/sql",
        "@parcel/watcher",
        "effect",
        "multipasta",
        "ws"
      ]
    },
    "@effect/platform-node@0.81.5_@effect+cluster@0.34.5__@effect+platform@0.82.8___effect@3.15.5__@effect+rpc@0.59.9___@effect+platform@0.82.8____effect@3.15.5___effect@3.15.5__@effect+sql@0.35.8___@effect+experimental@0.46.8____@effect+platform@0.82.8_____effect@3.15.5____effect@3.15.5___@effect+platform@0.82.8____effect@3.15.5___effect@3.15.5__effect@3.15.5__@effect+experimental@0.46.8___@effect+platform@0.82.8____effect@3.15.5___effect@3.15.5_@effect+platform@0.82.8__effect@3.15.5_@effect+rpc@0.59.9__@effect+platform@0.82.8___effect@3.15.5__effect@3.15.5_@effect+sql@0.35.8__@effect+experimental@0.46.8___@effect+platform@0.82.8____effect@3.15.5___effect@3.15.5__@effect+platform@0.82.8___effect@3.15.5__effect@3.15.5_effect@3.15.5_@effect+experimental@0.46.8__@effect+platform@0.82.8___effect@3.15.5__effect@3.15.5": {
      "integrity": "sha512-iRJolgh/DWjs6LjhDY38XtWwxI42sXfdKYD25syl2I1sUm4j/+NBaMOA4OPyf6DNKHIYU82nVyXEGNtrBlFWww==",
      "dependencies": [
        "@effect/cluster",
        "@effect/platform",
        "@effect/platform-node-shared",
        "@effect/rpc",
        "@effect/sql",
        "effect",
        "mime",
        "undici",
        "ws"
      ]
    },
    "@effect/platform@0.82.8_effect@3.15.5": {
      "integrity": "sha512-JEnIACWM2CfyKbf31dPzC903iF11SfiAk74Xs43Ez+n1ieQz2Ew2S/99KBbuesIKkDScLtn8PI23EBFMQiL0Ow==",
      "dependencies": [
        "effect",
        "find-my-way-ts",
        "msgpackr@1.11.4",
        "multipasta"
      ]
    },
    "@effect/printer-ansi@0.43.5_@effect+typeclass@0.34.5__effect@3.15.5_effect@3.15.5": {
      "integrity": "sha512-EQXEKevlBIZPoVGhUi1gybkMrJc9zBKr8SiCN+xVvf2qW6K0I/oOGw58lqWXA3gKfughZBX8MkCVfqWDJlrpmw==",
      "dependencies": [
        "@effect/printer",
        "@effect/typeclass",
        "effect"
      ]
    },
    "@effect/printer@0.43.5_@effect+typeclass@0.34.5__effect@3.15.5_effect@3.15.5": {
      "integrity": "sha512-0e+GlRzP1EMFlkkNozjvlNGq2T5VgstO6BDffY+MSqic6OZyd3nyM83CCHOCOT0+0legzr7qaHtY4WdCb0GdLA==",
      "dependencies": [
        "@effect/typeclass",
        "effect"
      ]
    },
    "@effect/rpc@0.59.9_@effect+platform@0.82.8__effect@3.15.5_effect@3.15.5": {
      "integrity": "sha512-9Nw6YRBbTgsCyVb7/AMCTML7cE6v38cN0I7tP05XAlvKdmCroifaNopDCO7w1C3EPeNBG42nYuYnwU6L0Atnhg==",
      "dependencies": [
        "@effect/platform",
        "effect"
      ]
    },
    "@effect/sql@0.35.8_@effect+experimental@0.46.8__@effect+platform@0.82.8___effect@3.15.5__effect@3.15.5_@effect+platform@0.82.8__effect@3.15.5_effect@3.15.5": {
      "integrity": "sha512-M1x6XMWkIHMY7iHbZgHVpq1jhhX+oFBN5LcL7Oc7cy3h2rtWf9VH2WvC2ivc2gscoKSpITlxEhGNHDFy9YrCSw==",
      "dependencies": [
        "@effect/experimental",
        "@effect/platform",
        "@opentelemetry/semantic-conventions",
        "effect",
        "uuid"
      ]
    },
    "@effect/typeclass@0.34.5_effect@3.15.5": {
      "integrity": "sha512-nC00DQoD2Tx7EMC1B1UvgPLr7QsG5Ck2nHn94LZl5ddteDNQLPAVkAWSKM+BE5ILyE1eMTblQ+EcomPW2rtUdg==",
      "dependencies": [
        "effect"
      ]
    },
    "@esbuild/aix-ppc64@0.25.5": {
      "integrity": "sha512-9o3TMmpmftaCMepOdA5k/yDw8SfInyzWWTjYTFCX3kPSDJMROQTb8jg+h9Cnwnmm1vOzvxN7gIfB5V2ewpjtGA==",
      "os": ["aix"],
      "cpu": ["ppc64"]
    },
    "@esbuild/android-arm64@0.25.5": {
      "integrity": "sha512-VGzGhj4lJO+TVGV1v8ntCZWJktV7SGCs3Pn1GRWI1SBFtRALoomm8k5E9Pmwg3HOAal2VDc2F9+PM/rEY6oIDg==",
      "os": ["android"],
      "cpu": ["arm64"]
    },
    "@esbuild/android-arm@0.25.5": {
      "integrity": "sha512-AdJKSPeEHgi7/ZhuIPtcQKr5RQdo6OO2IL87JkianiMYMPbCtot9fxPbrMiBADOWWm3T2si9stAiVsGbTQFkbA==",
      "os": ["android"],
      "cpu": ["arm"]
    },
    "@esbuild/android-x64@0.25.5": {
      "integrity": "sha512-D2GyJT1kjvO//drbRT3Hib9XPwQeWd9vZoBJn+bu/lVsOZ13cqNdDeqIF/xQ5/VmWvMduP6AmXvylO/PIc2isw==",
      "os": ["android"],
      "cpu": ["x64"]
    },
    "@esbuild/darwin-arm64@0.25.5": {
      "integrity": "sha512-GtaBgammVvdF7aPIgH2jxMDdivezgFu6iKpmT+48+F8Hhg5J/sfnDieg0aeG/jfSvkYQU2/pceFPDKlqZzwnfQ==",
      "os": ["darwin"],
      "cpu": ["arm64"]
    },
    "@esbuild/darwin-x64@0.25.5": {
      "integrity": "sha512-1iT4FVL0dJ76/q1wd7XDsXrSW+oLoquptvh4CLR4kITDtqi2e/xwXwdCVH8hVHU43wgJdsq7Gxuzcs6Iq/7bxQ==",
      "os": ["darwin"],
      "cpu": ["x64"]
    },
    "@esbuild/freebsd-arm64@0.25.5": {
      "integrity": "sha512-nk4tGP3JThz4La38Uy/gzyXtpkPW8zSAmoUhK9xKKXdBCzKODMc2adkB2+8om9BDYugz+uGV7sLmpTYzvmz6Sw==",
      "os": ["freebsd"],
      "cpu": ["arm64"]
    },
    "@esbuild/freebsd-x64@0.25.5": {
      "integrity": "sha512-PrikaNjiXdR2laW6OIjlbeuCPrPaAl0IwPIaRv+SMV8CiM8i2LqVUHFC1+8eORgWyY7yhQY+2U2fA55mBzReaw==",
      "os": ["freebsd"],
      "cpu": ["x64"]
    },
    "@esbuild/linux-arm64@0.25.5": {
      "integrity": "sha512-Z9kfb1v6ZlGbWj8EJk9T6czVEjjq2ntSYLY2cw6pAZl4oKtfgQuS4HOq41M/BcoLPzrUbNd+R4BXFyH//nHxVg==",
      "os": ["linux"],
      "cpu": ["arm64"]
    },
    "@esbuild/linux-arm@0.25.5": {
      "integrity": "sha512-cPzojwW2okgh7ZlRpcBEtsX7WBuqbLrNXqLU89GxWbNt6uIg78ET82qifUy3W6OVww6ZWobWub5oqZOVtwolfw==",
      "os": ["linux"],
      "cpu": ["arm"]
    },
    "@esbuild/linux-ia32@0.25.5": {
      "integrity": "sha512-sQ7l00M8bSv36GLV95BVAdhJ2QsIbCuCjh/uYrWiMQSUuV+LpXwIqhgJDcvMTj+VsQmqAHL2yYaasENvJ7CDKA==",
      "os": ["linux"],
      "cpu": ["ia32"]
    },
    "@esbuild/linux-loong64@0.25.5": {
      "integrity": "sha512-0ur7ae16hDUC4OL5iEnDb0tZHDxYmuQyhKhsPBV8f99f6Z9KQM02g33f93rNH5A30agMS46u2HP6qTdEt6Q1kg==",
      "os": ["linux"],
      "cpu": ["loong64"]
    },
    "@esbuild/linux-mips64el@0.25.5": {
      "integrity": "sha512-kB/66P1OsHO5zLz0i6X0RxlQ+3cu0mkxS3TKFvkb5lin6uwZ/ttOkP3Z8lfR9mJOBk14ZwZ9182SIIWFGNmqmg==",
      "os": ["linux"],
      "cpu": ["mips64el"]
    },
    "@esbuild/linux-ppc64@0.25.5": {
      "integrity": "sha512-UZCmJ7r9X2fe2D6jBmkLBMQetXPXIsZjQJCjgwpVDz+YMcS6oFR27alkgGv3Oqkv07bxdvw7fyB71/olceJhkQ==",
      "os": ["linux"],
      "cpu": ["ppc64"]
    },
    "@esbuild/linux-riscv64@0.25.5": {
      "integrity": "sha512-kTxwu4mLyeOlsVIFPfQo+fQJAV9mh24xL+y+Bm6ej067sYANjyEw1dNHmvoqxJUCMnkBdKpvOn0Ahql6+4VyeA==",
      "os": ["linux"],
      "cpu": ["riscv64"]
    },
    "@esbuild/linux-s390x@0.25.5": {
      "integrity": "sha512-K2dSKTKfmdh78uJ3NcWFiqyRrimfdinS5ErLSn3vluHNeHVnBAFWC8a4X5N+7FgVE1EjXS1QDZbpqZBjfrqMTQ==",
      "os": ["linux"],
      "cpu": ["s390x"]
    },
    "@esbuild/linux-x64@0.25.5": {
      "integrity": "sha512-uhj8N2obKTE6pSZ+aMUbqq+1nXxNjZIIjCjGLfsWvVpy7gKCOL6rsY1MhRh9zLtUtAI7vpgLMK6DxjO8Qm9lJw==",
      "os": ["linux"],
      "cpu": ["x64"]
    },
    "@esbuild/netbsd-arm64@0.25.5": {
      "integrity": "sha512-pwHtMP9viAy1oHPvgxtOv+OkduK5ugofNTVDilIzBLpoWAM16r7b/mxBvfpuQDpRQFMfuVr5aLcn4yveGvBZvw==",
      "os": ["netbsd"],
      "cpu": ["arm64"]
    },
    "@esbuild/netbsd-x64@0.25.5": {
      "integrity": "sha512-WOb5fKrvVTRMfWFNCroYWWklbnXH0Q5rZppjq0vQIdlsQKuw6mdSihwSo4RV/YdQ5UCKKvBy7/0ZZYLBZKIbwQ==",
      "os": ["netbsd"],
      "cpu": ["x64"]
    },
    "@esbuild/openbsd-arm64@0.25.5": {
      "integrity": "sha512-7A208+uQKgTxHd0G0uqZO8UjK2R0DDb4fDmERtARjSHWxqMTye4Erz4zZafx7Di9Cv+lNHYuncAkiGFySoD+Mw==",
      "os": ["openbsd"],
      "cpu": ["arm64"]
    },
    "@esbuild/openbsd-x64@0.25.5": {
      "integrity": "sha512-G4hE405ErTWraiZ8UiSoesH8DaCsMm0Cay4fsFWOOUcz8b8rC6uCvnagr+gnioEjWn0wC+o1/TAHt+It+MpIMg==",
      "os": ["openbsd"],
      "cpu": ["x64"]
    },
    "@esbuild/sunos-x64@0.25.5": {
      "integrity": "sha512-l+azKShMy7FxzY0Rj4RCt5VD/q8mG/e+mDivgspo+yL8zW7qEwctQ6YqKX34DTEleFAvCIUviCFX1SDZRSyMQA==",
      "os": ["sunos"],
      "cpu": ["x64"]
    },
    "@esbuild/win32-arm64@0.25.5": {
      "integrity": "sha512-O2S7SNZzdcFG7eFKgvwUEZ2VG9D/sn/eIiz8XRZ1Q/DO5a3s76Xv0mdBzVM5j5R639lXQmPmSo0iRpHqUUrsxw==",
      "os": ["win32"],
      "cpu": ["arm64"]
    },
    "@esbuild/win32-ia32@0.25.5": {
      "integrity": "sha512-onOJ02pqs9h1iMJ1PQphR+VZv8qBMQ77Klcsqv9CNW2w6yLqoURLcgERAIurY6QE63bbLuqgP9ATqajFLK5AMQ==",
      "os": ["win32"],
      "cpu": ["ia32"]
    },
    "@esbuild/win32-x64@0.25.5": {
      "integrity": "sha512-TXv6YnJ8ZMVdX+SXWVBo/0p8LTcrUYngpWjvm91TMjjBQii7Oz11Lw5lbDV5Y0TzuhSJHwiH4hEtC1I42mMS0g==",
      "os": ["win32"],
      "cpu": ["x64"]
    },
    "@livestore/adapter-node@0.3.1_vite@6.3.4__picomatch@4.0.2_@opentelemetry+api@1.9.0": {
      "integrity": "sha512-qP6nGY8du3r+4aS4yJ2YgaDVp/KzE/qBzOzleFTBR9DEM0faeLI9EXzwVq9A/k8pbxm5heF78l0ConExxxl42Q==",
      "dependencies": [
        "@livestore/common",
        "@livestore/devtools-vite",
        "@livestore/sqlite-wasm",
        "@livestore/utils",
        "@livestore/webmesh",
        "@opentelemetry/api",
        "vite"
      ]
    },
    "@livestore/adapter-web@0.3.1_@opentelemetry+api@1.9.0": {
      "integrity": "sha512-0ZKTam+C3KeG5qiiTLFOgoMhdUBCENmuaMwxoj7WOtA2c4eKyqIy+P/1zga+az0XqaMJoG5FVszWhWMUMzNjtQ==",
      "dependencies": [
        "@livestore/common",
        "@livestore/devtools-web-common",
        "@livestore/sqlite-wasm",
        "@livestore/utils",
        "@livestore/webmesh",
        "@opentelemetry/api"
      ]
    },
    "@livestore/common@0.3.1_@opentelemetry+api@1.9.0_graphology-types@0.24.8": {
      "integrity": "sha512-D44ia+zVH8EF0TWGUp0GQnCVvCsGKgKD/ryFl+kx607/l7GDUSagNnWkRmMwhhshJSJblQwouhA9fwjDNTBB2g==",
      "dependencies": [
        "@livestore/utils",
        "@livestore/webmesh",
        "@opentelemetry/api",
        "graphology",
        "graphology-dag",
        "graphology-types"
      ]
    },
    "@livestore/devtools-vite@0.3.1_vite@6.3.4__picomatch@4.0.2_@opentelemetry+api@1.9.0": {
      "integrity": "sha512-7d4dxI1jkNtMRNxfnj7WVFIg+z5+M1FxTCUw4XrtHYeJGd7qy3GOJ/75D0lU12OQ7EbY/qSVnoU7++SkSEjMFA==",
      "dependencies": [
        "@livestore/adapter-web",
        "@livestore/utils",
        "vite"
      ]
    },
    "@livestore/devtools-web-common@0.3.1_@opentelemetry+api@1.9.0": {
      "integrity": "sha512-jU7IvebelTtvSTQ2zKNzSm5qZodwUiPsNsDURsY5Yw0DXpafcfpRobs/WYd+Wd4Q1E4oFaK05hPfWZGbVFdw7Q==",
      "dependencies": [
        "@livestore/common",
        "@livestore/utils",
        "@livestore/webmesh"
      ]
    },
    "@livestore/livestore@0.3.1_@opentelemetry+api@1.9.0": {
      "integrity": "sha512-imw1JK5i82yTmSC4PRoZ1gUiG39jasR49c5TPQI/MCIFSbgqcKS0x1IPoB8js6tlPoVm+iH7p4JTAQKYC2q3Pg==",
      "dependencies": [
        "@livestore/common",
        "@livestore/utils",
        "@opentelemetry/api"
      ]
    },
    "@livestore/sqlite-wasm@0.3.1_@opentelemetry+api@1.9.0": {
      "integrity": "sha512-+JLIwpd2N214LmwlUX6arYnJ5IhvSi4Fn3Jk6E6fNfuUU4tczcL1PtgfIX2IoiPhn9QDG0YJVdJBT6KYi1uMyg==",
      "dependencies": [
        "@livestore/common",
        "@livestore/utils",
        "@livestore/wa-sqlite"
      ]
    },
    "@livestore/sync-cf@0.3.1": {
      "integrity": "sha512-Vopen/K5/MRr4va/3u19cGLFslJs/fqtr5C2MhEOy080uYcClEWUDxyHh/Oec9wx4ZsbC0WKfTiUVN48DjHo/A==",
      "dependencies": [
        "@livestore/common",
        "@livestore/utils"
      ]
    },
    "@livestore/utils@0.3.1_@effect+cli@0.61.8__@effect+platform@0.82.8___effect@3.15.5__@effect+printer@0.43.5___@effect+typeclass@0.34.5____effect@3.15.5___effect@3.15.5__@effect+printer-ansi@0.43.5___@effect+typeclass@0.34.5____effect@3.15.5___effect@3.15.5__effect@3.15.5__@effect+typeclass@0.34.5___effect@3.15.5_@effect+cluster@0.34.5__@effect+platform@0.82.8___effect@3.15.5__@effect+rpc@0.59.9___@effect+platform@0.82.8____effect@3.15.5___effect@3.15.5__@effect+sql@0.35.8___@effect+experimental@0.46.8____@effect+platform@0.82.8_____effect@3.15.5____effect@3.15.5___@effect+platform@0.82.8____effect@3.15.5___effect@3.15.5__effect@3.15.5__@effect+experimental@0.46.8___@effect+platform@0.82.8____effect@3.15.5___effect@3.15.5_@effect+experimental@0.46.8__@effect+platform@0.82.8___effect@3.15.5__effect@3.15.5_@effect+opentelemetry@0.48.8__@effect+platform@0.82.8___effect@3.15.5__@opentelemetry+api@1.9.0__@opentelemetry+resources@2.0.1___@opentelemetry+api@1.9.0__@opentelemetry+semantic-conventions@1.34.0__effect@3.15.5_@effect+platform@0.82.8__effect@3.15.5_@effect+platform-browser@0.62.8__@effect+platform@0.82.8___effect@3.15.5__effect@3.15.5_@effect+platform-bun@0.65.5__@effect+cluster@0.34.5___@effect+platform@0.82.8____effect@3.15.5___@effect+rpc@0.59.9____@effect+platform@0.82.8_____effect@3.15.5____effect@3.15.5___@effect+sql@0.35.8____@effect+experimental@0.46.8_____@effect+platform@0.82.8______effect@3.15.5_____effect@3.15.5____@effect+platform@0.82.8_____effect@3.15.5____effect@3.15.5___effect@3.15.5___@effect+experimental@0.46.8____@effect+platform@0.82.8_____effect@3.15.5____effect@3.15.5__@effect+platform@0.82.8___effect@3.15.5__@effect+rpc@0.59.9___@effect+platform@0.82.8____effect@3.15.5___effect@3.15.5__@effect+sql@0.35.8___@effect+experimental@0.46.8____@effect+platform@0.82.8_____effect@3.15.5____effect@3.15.5___@effect+platform@0.82.8____effect@3.15.5___effect@3.15.5__effect@3.15.5__@effect+experimental@0.46.8___@effect+platform@0.82.8____effect@3.15.5___effect@3.15.5_@effect+platform-node@0.81.5__@effect+cluster@0.34.5___@effect+platform@0.82.8____effect@3.15.5___@effect+rpc@0.59.9____@effect+platform@0.82.8_____effect@3.15.5____effect@3.15.5___@effect+sql@0.35.8____@effect+experimental@0.46.8_____@effect+platform@0.82.8______effect@3.15.5_____effect@3.15.5____@effect+platform@0.82.8_____effect@3.15.5____effect@3.15.5___effect@3.15.5___@effect+experimental@0.46.8____@effect+platform@0.82.8_____effect@3.15.5____effect@3.15.5__@effect+platform@0.82.8___effect@3.15.5__@effect+rpc@0.59.9___@effect+platform@0.82.8____effect@3.15.5___effect@3.15.5__@effect+sql@0.35.8___@effect+experimental@0.46.8____@effect+platform@0.82.8_____effect@3.15.5____effect@3.15.5___@effect+platform@0.82.8____effect@3.15.5___effect@3.15.5__effect@3.15.5__@effect+experimental@0.46.8___@effect+platform@0.82.8____effect@3.15.5___effect@3.15.5_@effect+printer@0.43.5__@effect+typeclass@0.34.5___effect@3.15.5__effect@3.15.5_@effect+printer-ansi@0.43.5__@effect+typeclass@0.34.5___effect@3.15.5__effect@3.15.5_@effect+rpc@0.59.9__@effect+platform@0.82.8___effect@3.15.5__effect@3.15.5_@effect+sql@0.35.8__@effect+experimental@0.46.8___@effect+platform@0.82.8____effect@3.15.5___effect@3.15.5__@effect+platform@0.82.8___effect@3.15.5__effect@3.15.5_@effect+typeclass@0.34.5__effect@3.15.5_@opentelemetry+api@1.9.0_@opentelemetry+resources@2.0.1__@opentelemetry+api@1.9.0_effect@3.15.5": {
      "integrity": "sha512-DFgrKpVIu/Nn9GE0QG2uitrFLF63aIiV5rencAk3kigNPzq4iBao05wvT/JVqgRxxiM7F1SuAZYogwM4QdpcDA==",
      "dependencies": [
        "@effect/cli",
        "@effect/cluster",
        "@effect/experimental",
        "@effect/opentelemetry",
        "@effect/platform",
        "@effect/platform-browser",
        "@effect/platform-bun",
        "@effect/platform-node",
        "@effect/printer",
        "@effect/printer-ansi",
        "@effect/rpc",
        "@effect/sql",
        "@effect/typeclass",
        "@opentelemetry/api",
        "@opentelemetry/resources",
        "@standard-schema/spec",
        "effect",
        "msgpackr@1.11.2",
        "nanoid@5.1.3",
        "pretty-bytes"
      ]
    },
    "@livestore/wa-sqlite@1.0.5-dev.2": {
      "integrity": "sha512-i7tKFEp0m3+4tGLV9Z5eAr/3RZPuNOyuf4NaQ/ygF2KwzlHc3TnqouPuE2sMH06r3soXIilWYND/x0eT8x6D6Q=="
    },
    "@livestore/webmesh@0.3.1_@opentelemetry+api@1.9.0": {
      "integrity": "sha512-JLYFgiOf1r7xqN7SkwdHNZdZ+geQlEdC9rg81DeC839vqqshA5TEhh045dhEkeyVJZqeg44vX5adUX6FOkhTfg==",
      "dependencies": [
        "@livestore/utils"
      ]
    },
    "@msgpackr-extract/msgpackr-extract-darwin-arm64@3.0.3": {
      "integrity": "sha512-QZHtlVgbAdy2zAqNA9Gu1UpIuI8Xvsd1v8ic6B2pZmeFnFcMWiPLfWXh7TVw4eGEZ/C9TH281KwhVoeQUKbyjw==",
      "os": ["darwin"],
      "cpu": ["arm64"]
    },
    "@msgpackr-extract/msgpackr-extract-darwin-x64@3.0.3": {
      "integrity": "sha512-mdzd3AVzYKuUmiWOQ8GNhl64/IoFGol569zNRdkLReh6LRLHOXxU4U8eq0JwaD8iFHdVGqSy4IjFL4reoWCDFw==",
      "os": ["darwin"],
      "cpu": ["x64"]
    },
    "@msgpackr-extract/msgpackr-extract-linux-arm64@3.0.3": {
      "integrity": "sha512-YxQL+ax0XqBJDZiKimS2XQaf+2wDGVa1enVRGzEvLLVFeqa5kx2bWbtcSXgsxjQB7nRqqIGFIcLteF/sHeVtQg==",
      "os": ["linux"],
      "cpu": ["arm64"]
    },
    "@msgpackr-extract/msgpackr-extract-linux-arm@3.0.3": {
      "integrity": "sha512-fg0uy/dG/nZEXfYilKoRe7yALaNmHoYeIoJuJ7KJ+YyU2bvY8vPv27f7UKhGRpY6euFYqEVhxCFZgAUNQBM3nw==",
      "os": ["linux"],
      "cpu": ["arm"]
    },
    "@msgpackr-extract/msgpackr-extract-linux-x64@3.0.3": {
      "integrity": "sha512-cvwNfbP07pKUfq1uH+S6KJ7dT9K8WOE4ZiAcsrSes+UY55E/0jLYc+vq+DO7jlmqRb5zAggExKm0H7O/CBaesg==",
      "os": ["linux"],
      "cpu": ["x64"]
    },
    "@msgpackr-extract/msgpackr-extract-win32-x64@3.0.3": {
      "integrity": "sha512-x0fWaQtYp4E6sktbsdAqnehxDgEc/VwM7uLsRCYWaiGu0ykYdZPiS8zCWdnjHwyiumousxfBm4SO31eXqwEZhQ==",
      "os": ["win32"],
      "cpu": ["x64"]
    },
    "@opentelemetry/api@1.9.0": {
      "integrity": "sha512-3giAOQvZiH5F9bMlMiv8+GSPMeqg0dbaeo58/0SlA9sxSqZhnUtxzX9/2FzyhS9sWQf5S0GJE0AKBrFqjpeYcg=="
    },
    "@opentelemetry/core@2.0.1_@opentelemetry+api@1.9.0": {
      "integrity": "sha512-MaZk9SJIDgo1peKevlbhP6+IwIiNPNmswNL4AF0WaQJLbHXjr9SrZMgS12+iqr9ToV4ZVosCcc0f8Rg67LXjxw==",
      "dependencies": [
        "@opentelemetry/api",
        "@opentelemetry/semantic-conventions"
      ]
    },
    "@opentelemetry/resources@2.0.1_@opentelemetry+api@1.9.0": {
      "integrity": "sha512-dZOB3R6zvBwDKnHDTB4X1xtMArB/d324VsbiPkX/Yu0Q8T2xceRthoIVFhJdvgVM2QhGVUyX9tzwiNxGtoBJUw==",
      "dependencies": [
        "@opentelemetry/api",
        "@opentelemetry/core",
        "@opentelemetry/semantic-conventions"
      ]
    },
    "@opentelemetry/semantic-conventions@1.34.0": {
      "integrity": "sha512-aKcOkyrorBGlajjRdVoJWHTxfxO1vCNHLJVlSDaRHDIdjU+pX8IYQPvPDkYiujKLbRnWU+1TBwEt0QRgSm4SGA=="
    },
    "@parcel/watcher-android-arm64@2.5.1": {
      "integrity": "sha512-KF8+j9nNbUN8vzOFDpRMsaKBHZ/mcjEjMToVMJOhTozkDonQFFrRcfdLWn6yWKCmJKmdVxSgHiYvTCef4/qcBA==",
      "os": ["android"],
      "cpu": ["arm64"]
    },
    "@parcel/watcher-darwin-arm64@2.5.1": {
      "integrity": "sha512-eAzPv5osDmZyBhou8PoF4i6RQXAfeKL9tjb3QzYuccXFMQU0ruIc/POh30ePnaOyD1UXdlKguHBmsTs53tVoPw==",
      "os": ["darwin"],
      "cpu": ["arm64"]
    },
    "@parcel/watcher-darwin-x64@2.5.1": {
      "integrity": "sha512-1ZXDthrnNmwv10A0/3AJNZ9JGlzrF82i3gNQcWOzd7nJ8aj+ILyW1MTxVk35Db0u91oD5Nlk9MBiujMlwmeXZg==",
      "os": ["darwin"],
      "cpu": ["x64"]
    },
    "@parcel/watcher-freebsd-x64@2.5.1": {
      "integrity": "sha512-SI4eljM7Flp9yPuKi8W0ird8TI/JK6CSxju3NojVI6BjHsTyK7zxA9urjVjEKJ5MBYC+bLmMcbAWlZ+rFkLpJQ==",
      "os": ["freebsd"],
      "cpu": ["x64"]
    },
    "@parcel/watcher-linux-arm-glibc@2.5.1": {
      "integrity": "sha512-RCdZlEyTs8geyBkkcnPWvtXLY44BCeZKmGYRtSgtwwnHR4dxfHRG3gR99XdMEdQ7KeiDdasJwwvNSF5jKtDwdA==",
      "os": ["linux"],
      "cpu": ["arm"]
    },
    "@parcel/watcher-linux-arm-musl@2.5.1": {
      "integrity": "sha512-6E+m/Mm1t1yhB8X412stiKFG3XykmgdIOqhjWj+VL8oHkKABfu/gjFj8DvLrYVHSBNC+/u5PeNrujiSQ1zwd1Q==",
      "os": ["linux"],
      "cpu": ["arm"]
    },
    "@parcel/watcher-linux-arm64-glibc@2.5.1": {
      "integrity": "sha512-LrGp+f02yU3BN9A+DGuY3v3bmnFUggAITBGriZHUREfNEzZh/GO06FF5u2kx8x+GBEUYfyTGamol4j3m9ANe8w==",
      "os": ["linux"],
      "cpu": ["arm64"]
    },
    "@parcel/watcher-linux-arm64-musl@2.5.1": {
      "integrity": "sha512-cFOjABi92pMYRXS7AcQv9/M1YuKRw8SZniCDw0ssQb/noPkRzA+HBDkwmyOJYp5wXcsTrhxO0zq1U11cK9jsFg==",
      "os": ["linux"],
      "cpu": ["arm64"]
    },
    "@parcel/watcher-linux-x64-glibc@2.5.1": {
      "integrity": "sha512-GcESn8NZySmfwlTsIur+49yDqSny2IhPeZfXunQi48DMugKeZ7uy1FX83pO0X22sHntJ4Ub+9k34XQCX+oHt2A==",
      "os": ["linux"],
      "cpu": ["x64"]
    },
    "@parcel/watcher-linux-x64-musl@2.5.1": {
      "integrity": "sha512-n0E2EQbatQ3bXhcH2D1XIAANAcTZkQICBPVaxMeaCVBtOpBZpWJuf7LwyWPSBDITb7In8mqQgJ7gH8CILCURXg==",
      "os": ["linux"],
      "cpu": ["x64"]
    },
    "@parcel/watcher-win32-arm64@2.5.1": {
      "integrity": "sha512-RFzklRvmc3PkjKjry3hLF9wD7ppR4AKcWNzH7kXR7GUe0Igb3Nz8fyPwtZCSquGrhU5HhUNDr/mKBqj7tqA2Vw==",
      "os": ["win32"],
      "cpu": ["arm64"]
    },
    "@parcel/watcher-win32-ia32@2.5.1": {
      "integrity": "sha512-c2KkcVN+NJmuA7CGlaGD1qJh1cLfDnQsHjE89E60vUEMlqduHGCdCLJCID5geFVM0dOtA3ZiIO8BoEQmzQVfpQ==",
      "os": ["win32"],
      "cpu": ["ia32"]
    },
    "@parcel/watcher-win32-x64@2.5.1": {
      "integrity": "sha512-9lHBdJITeNR++EvSQVUcaZoWupyHfXe1jZvGZ06O/5MflPcuPLtEphScIBL+AiCWBO46tDSHzWyD0uDmmZqsgA==",
      "os": ["win32"],
      "cpu": ["x64"]
    },
    "@parcel/watcher@2.5.1": {
      "integrity": "sha512-dfUnCxiN9H4ap84DvD2ubjw+3vUNpstxa0TneY/Paat8a3R4uQZDLSvWjmznAY/DoahqTHl9V46HF/Zs3F29pg==",
      "dependencies": [
        "detect-libc@1.0.3",
        "is-glob",
        "micromatch",
        "node-addon-api"
      ],
      "optionalDependencies": [
        "@parcel/watcher-android-arm64",
        "@parcel/watcher-darwin-arm64",
        "@parcel/watcher-darwin-x64",
        "@parcel/watcher-freebsd-x64",
        "@parcel/watcher-linux-arm-glibc",
        "@parcel/watcher-linux-arm-musl",
        "@parcel/watcher-linux-arm64-glibc",
        "@parcel/watcher-linux-arm64-musl",
        "@parcel/watcher-linux-x64-glibc",
        "@parcel/watcher-linux-x64-musl",
        "@parcel/watcher-win32-arm64",
        "@parcel/watcher-win32-ia32",
        "@parcel/watcher-win32-x64"
      ],
      "scripts": true
    },
    "@rollup/rollup-android-arm-eabi@4.42.0": {
      "integrity": "sha512-gldmAyS9hpj+H6LpRNlcjQWbuKUtb94lodB9uCz71Jm+7BxK1VIOo7y62tZZwxhA7j1ylv/yQz080L5WkS+LoQ==",
      "os": ["android"],
      "cpu": ["arm"]
    },
    "@rollup/rollup-android-arm64@4.42.0": {
      "integrity": "sha512-bpRipfTgmGFdCZDFLRvIkSNO1/3RGS74aWkJJTFJBH7h3MRV4UijkaEUeOMbi9wxtxYmtAbVcnMtHTPBhLEkaw==",
      "os": ["android"],
      "cpu": ["arm64"]
    },
    "@rollup/rollup-darwin-arm64@4.42.0": {
      "integrity": "sha512-JxHtA081izPBVCHLKnl6GEA0w3920mlJPLh89NojpU2GsBSB6ypu4erFg/Wx1qbpUbepn0jY4dVWMGZM8gplgA==",
      "os": ["darwin"],
      "cpu": ["arm64"]
    },
    "@rollup/rollup-darwin-x64@4.42.0": {
      "integrity": "sha512-rv5UZaWVIJTDMyQ3dCEK+m0SAn6G7H3PRc2AZmExvbDvtaDc+qXkei0knQWcI3+c9tEs7iL/4I4pTQoPbNL2SA==",
      "os": ["darwin"],
      "cpu": ["x64"]
    },
    "@rollup/rollup-freebsd-arm64@4.42.0": {
      "integrity": "sha512-fJcN4uSGPWdpVmvLuMtALUFwCHgb2XiQjuECkHT3lWLZhSQ3MBQ9pq+WoWeJq2PrNxr9rPM1Qx+IjyGj8/c6zQ==",
      "os": ["freebsd"],
      "cpu": ["arm64"]
    },
    "@rollup/rollup-freebsd-x64@4.42.0": {
      "integrity": "sha512-CziHfyzpp8hJpCVE/ZdTizw58gr+m7Y2Xq5VOuCSrZR++th2xWAz4Nqk52MoIIrV3JHtVBhbBsJcAxs6NammOQ==",
      "os": ["freebsd"],
      "cpu": ["x64"]
    },
    "@rollup/rollup-linux-arm-gnueabihf@4.42.0": {
      "integrity": "sha512-UsQD5fyLWm2Fe5CDM7VPYAo+UC7+2Px4Y+N3AcPh/LdZu23YcuGPegQly++XEVaC8XUTFVPscl5y5Cl1twEI4A==",
      "os": ["linux"],
      "cpu": ["arm"]
    },
    "@rollup/rollup-linux-arm-musleabihf@4.42.0": {
      "integrity": "sha512-/i8NIrlgc/+4n1lnoWl1zgH7Uo0XK5xK3EDqVTf38KvyYgCU/Rm04+o1VvvzJZnVS5/cWSd07owkzcVasgfIkQ==",
      "os": ["linux"],
      "cpu": ["arm"]
    },
    "@rollup/rollup-linux-arm64-gnu@4.42.0": {
      "integrity": "sha512-eoujJFOvoIBjZEi9hJnXAbWg+Vo1Ov8n/0IKZZcPZ7JhBzxh2A+2NFyeMZIRkY9iwBvSjloKgcvnjTbGKHE44Q==",
      "os": ["linux"],
      "cpu": ["arm64"]
    },
    "@rollup/rollup-linux-arm64-musl@4.42.0": {
      "integrity": "sha512-/3NrcOWFSR7RQUQIuZQChLND36aTU9IYE4j+TB40VU78S+RA0IiqHR30oSh6P1S9f9/wVOenHQnacs/Byb824g==",
      "os": ["linux"],
      "cpu": ["arm64"]
    },
    "@rollup/rollup-linux-loongarch64-gnu@4.42.0": {
      "integrity": "sha512-O8AplvIeavK5ABmZlKBq9/STdZlnQo7Sle0LLhVA7QT+CiGpNVe197/t8Aph9bhJqbDVGCHpY2i7QyfEDDStDg==",
      "os": ["linux"],
      "cpu": ["loong64"]
    },
    "@rollup/rollup-linux-powerpc64le-gnu@4.42.0": {
      "integrity": "sha512-6Qb66tbKVN7VyQrekhEzbHRxXXFFD8QKiFAwX5v9Xt6FiJ3BnCVBuyBxa2fkFGqxOCSGGYNejxd8ht+q5SnmtA==",
      "os": ["linux"],
      "cpu": ["ppc64"]
    },
    "@rollup/rollup-linux-riscv64-gnu@4.42.0": {
      "integrity": "sha512-KQETDSEBamQFvg/d8jajtRwLNBlGc3aKpaGiP/LvEbnmVUKlFta1vqJqTrvPtsYsfbE/DLg5CC9zyXRX3fnBiA==",
      "os": ["linux"],
      "cpu": ["riscv64"]
    },
    "@rollup/rollup-linux-riscv64-musl@4.42.0": {
      "integrity": "sha512-qMvnyjcU37sCo/tuC+JqeDKSuukGAd+pVlRl/oyDbkvPJ3awk6G6ua7tyum02O3lI+fio+eM5wsVd66X0jQtxw==",
      "os": ["linux"],
      "cpu": ["riscv64"]
    },
    "@rollup/rollup-linux-s390x-gnu@4.42.0": {
      "integrity": "sha512-I2Y1ZUgTgU2RLddUHXTIgyrdOwljjkmcZ/VilvaEumtS3Fkuhbw4p4hgHc39Ypwvo2o7sBFNl2MquNvGCa55Iw==",
      "os": ["linux"],
      "cpu": ["s390x"]
    },
    "@rollup/rollup-linux-x64-gnu@4.42.0": {
      "integrity": "sha512-Gfm6cV6mj3hCUY8TqWa63DB8Mx3NADoFwiJrMpoZ1uESbK8FQV3LXkhfry+8bOniq9pqY1OdsjFWNsSbfjPugw==",
      "os": ["linux"],
      "cpu": ["x64"]
    },
    "@rollup/rollup-linux-x64-musl@4.42.0": {
      "integrity": "sha512-g86PF8YZ9GRqkdi0VoGlcDUb4rYtQKyTD1IVtxxN4Hpe7YqLBShA7oHMKU6oKTCi3uxwW4VkIGnOaH/El8de3w==",
      "os": ["linux"],
      "cpu": ["x64"]
    },
    "@rollup/rollup-win32-arm64-msvc@4.42.0": {
      "integrity": "sha512-+axkdyDGSp6hjyzQ5m1pgcvQScfHnMCcsXkx8pTgy/6qBmWVhtRVlgxjWwDp67wEXXUr0x+vD6tp5W4x6V7u1A==",
      "os": ["win32"],
      "cpu": ["arm64"]
    },
    "@rollup/rollup-win32-ia32-msvc@4.42.0": {
      "integrity": "sha512-F+5J9pelstXKwRSDq92J0TEBXn2nfUrQGg+HK1+Tk7VOL09e0gBqUHugZv7SW4MGrYj41oNCUe3IKCDGVlis2g==",
      "os": ["win32"],
      "cpu": ["ia32"]
    },
    "@rollup/rollup-win32-x64-msvc@4.42.0": {
      "integrity": "sha512-LpHiJRwkaVz/LqjHjK8LCi8osq7elmpwujwbXKNW88bM8eeGxavJIKKjkjpMHAh/2xfnrt1ZSnhTv41WYUHYmA==",
      "os": ["win32"],
      "cpu": ["x64"]
    },
    "@standard-schema/spec@1.0.0": {
      "integrity": "sha512-m2bOd0f2RT9k8QJx1JN85cZYyH1RqFBdlwtkSlf4tBDYLCiiZnv1fIIwacK6cqwXavOydf0NPToMQgpKq+dVlA=="
    },
    "@types/estree@1.0.7": {
      "integrity": "sha512-w28IoSUCJpidD/TGviZwwMJckNESJZXFu7NBZ5YJ4mEUnNraUn9Pm8HSZm/jDF1pDWYKspWE7oVphigUPRakIQ=="
    },
    "ansi-regex@6.1.0": {
      "integrity": "sha512-7HSX4QQb4CspciLpVFwyRe79O3xsIZDDLER21kERQ71oaPodF8jL725AgJMFAYbooIqolJoRLuM81SpeUkpkvA=="
    },
    "braces@3.0.3": {
      "integrity": "sha512-yQbXgO/OSZVD2IsiLlro+7Hf6Q18EJrKSEsdoMzKePKXct3gvD8oLcOQdIzGupr5Fj+EDe8gO/lxc1BzfMpxvA==",
      "dependencies": [
        "fill-range"
      ]
    },
    "detect-libc@1.0.3": {
      "integrity": "sha512-pGjwhsmsp4kL2RTz08wcOlGN83otlqHeD/Z5T8GXZB+/YcpQ/dgo+lbU8ZsGxV0HIvqqxo9l7mqYwyYMD9bKDg==",
      "bin": true
    },
    "detect-libc@2.0.4": {
      "integrity": "sha512-3UDv+G9CsCKO1WKMGw9fwq/SWJYbI0c5Y7LU1AXYoDdbhE2AHQ6N6Nb34sG8Fj7T5APy8qXDCKuuIHd1BR0tVA=="
    },
    "effect@3.15.5": {
      "integrity": "sha512-9IA4xu9niyDIuWkS/whroDj3u2nbccw+9fQ9sKCzaEtuwTV5SSoNvp8XOozeSF/0Nwnh+mx2+ShYYgSueOTmMw==",
      "dependencies": [
        "@standard-schema/spec",
        "fast-check"
      ]
    },
    "esbuild@0.25.5": {
      "integrity": "sha512-P8OtKZRv/5J5hhz0cUAdu/cLuPIKXpQl1R9pZtvmHWQvrAUVd0UNIPT4IB4W3rNOqVO0rlqHmCIbSwxh/c9yUQ==",
      "optionalDependencies": [
        "@esbuild/aix-ppc64",
        "@esbuild/android-arm",
        "@esbuild/android-arm64",
        "@esbuild/android-x64",
        "@esbuild/darwin-arm64",
        "@esbuild/darwin-x64",
        "@esbuild/freebsd-arm64",
        "@esbuild/freebsd-x64",
        "@esbuild/linux-arm",
        "@esbuild/linux-arm64",
        "@esbuild/linux-ia32",
        "@esbuild/linux-loong64",
        "@esbuild/linux-mips64el",
        "@esbuild/linux-ppc64",
        "@esbuild/linux-riscv64",
        "@esbuild/linux-s390x",
        "@esbuild/linux-x64",
        "@esbuild/netbsd-arm64",
        "@esbuild/netbsd-x64",
        "@esbuild/openbsd-arm64",
        "@esbuild/openbsd-x64",
        "@esbuild/sunos-x64",
        "@esbuild/win32-arm64",
        "@esbuild/win32-ia32",
        "@esbuild/win32-x64"
      ],
      "scripts": true,
      "bin": true
    },
    "events@3.3.0": {
      "integrity": "sha512-mQw+2fkQbALzQ7V0MY0IqdnXNOeTtP4r0lN9z7AAawCXgqea7bDii20AYrIBrFd/Hx0M2Ocz6S111CaFkUcb0Q=="
    },
    "fast-check@3.23.2": {
      "integrity": "sha512-h5+1OzzfCC3Ef7VbtKdcv7zsstUQwUDlYpUTvjeUsJAssPgLn7QzbboPtL5ro04Mq0rPOsMzl7q5hIbRs2wD1A==",
      "dependencies": [
        "pure-rand"
      ]
    },
    "fdir@6.4.6_picomatch@4.0.2": {
      "integrity": "sha512-hiFoqpyZcfNm1yc4u8oWCf9A2c4D3QjCrks3zmoVKVxpQRzmPNar1hUJcBG2RQHvEVGDN+Jm81ZheVLAQMK6+w==",
      "dependencies": [
        "picomatch@4.0.2"
      ],
      "optionalPeers": [
        "picomatch@4.0.2"
      ]
    },
    "fill-range@7.1.1": {
      "integrity": "sha512-YsGpe3WHLK8ZYi4tWDg2Jy3ebRz2rXowDxnld4bkQB00cc/1Zw9AWnC0i9ztDJitivtQvaI9KaLyKrc+hBW0yg==",
      "dependencies": [
        "to-regex-range"
      ]
    },
    "find-my-way-ts@0.1.5": {
      "integrity": "sha512-4GOTMrpGQVzsCH2ruUn2vmwzV/02zF4q+ybhCIrw/Rkt3L8KWcycdC6aJMctJzwN4fXD4SD5F/4B9Sksh5rE0A=="
    },
    "fsevents@2.3.3": {
      "integrity": "sha512-5xoDfX+fL7faATnagmWPpbFtwh/R77WmMMqqHGS65C3vvB0YHrgF+B1YmZ3441tMj5n63k0212XNoJwzlhffQw==",
      "os": ["darwin"],
      "scripts": true
    },
    "graphology-dag@0.4.1_graphology-types@0.24.8": {
      "integrity": "sha512-3ch9oOAnHZDoT043vyg7ukmSkKJ505nFzaHaYOn0IF2PgGo5VtIavyVK4UpbIa4tli3hhGm1ZTdBsubTmaxu/w==",
      "dependencies": [
        "graphology-types",
        "graphology-utils",
        "mnemonist"
      ]
    },
    "graphology-types@0.24.8": {
      "integrity": "sha512-hDRKYXa8TsoZHjgEaysSRyPdT6uB78Ci8WnjgbStlQysz7xR52PInxNsmnB7IBOM1BhikxkNyCVEFgmPKnpx3Q=="
    },
    "graphology-utils@2.5.2_graphology-types@0.24.8": {
      "integrity": "sha512-ckHg8MXrXJkOARk56ZaSCM1g1Wihe2d6iTmz1enGOz4W/l831MBCKSayeFQfowgF8wd+PQ4rlch/56Vs/VZLDQ==",
      "dependencies": [
        "graphology-types"
      ]
    },
    "graphology@0.26.0-alpha1_graphology-types@0.24.8": {
      "integrity": "sha512-XQ3b+P3Vvljq/mF+O15R5PlR8kVpRL8K8vhJWW9Enh2+iGNn5c3WZNpXP2OaAacfNV3a9gV3Ia6+Qz6do2JZ8w==",
      "dependencies": [
        "events",
        "graphology-types",
        "obliterator"
      ]
    },
    "ini@4.1.3": {
      "integrity": "sha512-X7rqawQBvfdjS10YU1y1YVreA3SsLrW9dX2CewP2EbBJM4ypVNLDkO5y04gejPwKIY9lR+7r9gn3rFPt/kmWFg=="
    },
    "is-extglob@2.1.1": {
      "integrity": "sha512-SbKbANkN603Vi4jEZv49LeVJMn4yGwsbzZworEoyEiutsN3nJYdbO36zfhGJ6QEDpOZIFkDtnq5JRxmvl3jsoQ=="
    },
    "is-glob@4.0.3": {
      "integrity": "sha512-xelSayHH36ZgE7ZWhli7pW34hNbNl8Ojv5KVmkJD4hBdD3th8Tfk9vYasLM+mXWOZhFkgZfxhLSnrwRr4elSSg==",
      "dependencies": [
        "is-extglob"
      ]
    },
    "is-number@7.0.0": {
      "integrity": "sha512-41Cifkg6e8TylSpdtTpeLVMqvSBEVzTttHvERD741+pnZ8ANv0004MRL43QKPDlK9cGvNp6NZWZUBlbGXYxxng=="
    },
    "micromatch@4.0.8": {
      "integrity": "sha512-PXwfBhYu0hBCPw8Dn0E+WDYb7af3dSLVWKi3HGv84IdF4TyFoC0ysxFd0Goxw7nSv4T/PzEJQxsYsEiFCKo2BA==",
      "dependencies": [
        "braces",
        "picomatch@2.3.1"
      ]
    },
    "mime@3.0.0": {
      "integrity": "sha512-jSCU7/VB1loIWBZe14aEYHU/+1UMEHoaO7qxCOVJOw9GgH72VAWppxNcjU+x9a2k3GSIBXNKxXQFqRvvZ7vr3A==",
      "bin": true
    },
    "mnemonist@0.39.8": {
      "integrity": "sha512-vyWo2K3fjrUw8YeeZ1zF0fy6Mu59RHokURlld8ymdUPjMlD9EC9ov1/YPqTgqRvUN9nTr3Gqfz29LYAmu0PHPQ==",
      "dependencies": [
        "obliterator"
      ]
    },
    "msgpackr-extract@3.0.3": {
      "integrity": "sha512-P0efT1C9jIdVRefqjzOQ9Xml57zpOXnIuS+csaB4MdZbTdmGDLo8XhzBG1N7aO11gKDDkJvBLULeFTo46wwreA==",
      "dependencies": [
        "node-gyp-build-optional-packages"
      ],
      "optionalDependencies": [
        "@msgpackr-extract/msgpackr-extract-darwin-arm64",
        "@msgpackr-extract/msgpackr-extract-darwin-x64",
        "@msgpackr-extract/msgpackr-extract-linux-arm",
        "@msgpackr-extract/msgpackr-extract-linux-arm64",
        "@msgpackr-extract/msgpackr-extract-linux-x64",
        "@msgpackr-extract/msgpackr-extract-win32-x64"
      ],
      "scripts": true,
      "bin": true
    },
    "msgpackr@1.11.2": {
      "integrity": "sha512-F9UngXRlPyWCDEASDpTf6c9uNhGPTqnTeLVt7bN+bU1eajoR/8V9ys2BRaV5C/e5ihE6sJ9uPIKaYt6bFuO32g==",
      "optionalDependencies": [
        "msgpackr-extract"
      ]
    },
    "msgpackr@1.11.4": {
      "integrity": "sha512-uaff7RG9VIC4jacFW9xzL3jc0iM32DNHe4jYVycBcjUePT/Klnfj7pqtWJt9khvDFizmjN2TlYniYmSS2LIaZg==",
      "optionalDependencies": [
        "msgpackr-extract"
      ]
    },
    "multipasta@0.2.5": {
      "integrity": "sha512-c8eMDb1WwZcE02WVjHoOmUVk7fnKU/RmUcosHACglrWAuPQsEJv+E8430sXj6jNc1jHw0zrS16aCjQh4BcEb4A=="
    },
    "nanoid@3.3.11": {
      "integrity": "sha512-N8SpfPUnUp1bK+PMYW8qSWdl9U+wwNWI4QKxOYDy9JAro3WMX7p2OeVRF9v+347pnakNevPmiHhNmZ2HbFA76w==",
      "bin": true
    },
    "nanoid@5.1.3": {
      "integrity": "sha512-zAbEOEr7u2CbxwoMRlz/pNSpRP0FdAU4pRaYunCdEezWohXFs+a0Xw7RfkKaezMsmSM1vttcLthJtwRnVtOfHQ==",
      "bin": true
    },
    "node-addon-api@7.1.1": {
      "integrity": "sha512-5m3bsyrjFWE1xf7nz7YXdN4udnVtXK6/Yfgn5qnahL6bCkf2yKt4k3nuTKAtT4r3IG8JNR2ncsIMdZuAzJjHQQ=="
    },
    "node-gyp-build-optional-packages@5.2.2": {
      "integrity": "sha512-s+w+rBWnpTMwSFbaE0UXsRlg7hU4FjekKU4eyAih5T8nJuNZT1nNsskXpxmeqSK9UzkBl6UgRlnKc8hz8IEqOw==",
      "dependencies": [
        "detect-libc@2.0.4"
      ],
      "bin": true
    },
    "obliterator@2.0.5": {
      "integrity": "sha512-42CPE9AhahZRsMNslczq0ctAEtqk8Eka26QofnqC346BZdHDySk3LWka23LI7ULIw11NmltpiLagIq8gBozxTw=="
    },
    "picocolors@1.1.1": {
      "integrity": "sha512-xceH2snhtb5M9liqDsmEw56le376mTZkEX/jEb/RxNFyegNul7eNslCXP9FDj/Lcu0X8KEyMceP2ntpaHrDEVA=="
    },
    "picomatch@2.3.1": {
      "integrity": "sha512-JU3teHTNjmE2VCGFzuY8EXzCDVwEqB2a8fsIvwaStHhAWJEeVd1o1QD80CU6+ZdEXXSLbSsuLwJjkCBWqRQUVA=="
    },
    "picomatch@4.0.2": {
      "integrity": "sha512-M7BAV6Rlcy5u+m6oPhAPFgJTzAioX/6B0DxyvDlo9l8+T3nLKbrczg2WLUyzd45L8RqfUMyGPzekbMvX2Ldkwg=="
    },
    "postcss@8.5.4": {
      "integrity": "sha512-QSa9EBe+uwlGTFmHsPKokv3B/oEMQZxfqW0QqNCyhpa6mB1afzulwn8hihglqAb2pOw+BJgNlmXQ8la2VeHB7w==",
      "dependencies": [
        "nanoid@3.3.11",
        "picocolors",
        "source-map-js"
      ]
    },
    "pretty-bytes@6.1.1": {
      "integrity": "sha512-mQUvGU6aUFQ+rNvTIAcZuWGRT9a6f6Yrg9bHs4ImKF+HZCEK+plBvnAZYSIQztknZF2qnzNtr6F8s0+IuptdlQ=="
    },
    "pure-rand@6.1.0": {
      "integrity": "sha512-bVWawvoZoBYpp6yIoQtQXHZjmz35RSVHnUOTefl8Vcjr8snTPY1wnpSPMWekcFwbxI6gtmT7rSYPFvz71ldiOA=="
    },
    "pyodide@0.27.7": {
      "integrity": "sha512-RUSVJlhQdfWfgO9hVHCiXoG+nVZQRS5D9FzgpLJ/VcgGBLSAKoPL8kTiOikxbHQm1kRISeWUBdulEgO26qpSRA==",
      "dependencies": [
        "ws"
      ]
    },
    "rollup@4.42.0": {
      "integrity": "sha512-LW+Vse3BJPyGJGAJt1j8pWDKPd73QM8cRXYK1IxOBgL2AGLu7Xd2YOW0M2sLUBCkF5MshXXtMApyEAEzMVMsnw==",
      "dependencies": [
        "@types/estree"
      ],
      "optionalDependencies": [
        "@rollup/rollup-android-arm-eabi",
        "@rollup/rollup-android-arm64",
        "@rollup/rollup-darwin-arm64",
        "@rollup/rollup-darwin-x64",
        "@rollup/rollup-freebsd-arm64",
        "@rollup/rollup-freebsd-x64",
        "@rollup/rollup-linux-arm-gnueabihf",
        "@rollup/rollup-linux-arm-musleabihf",
        "@rollup/rollup-linux-arm64-gnu",
        "@rollup/rollup-linux-arm64-musl",
        "@rollup/rollup-linux-loongarch64-gnu",
        "@rollup/rollup-linux-powerpc64le-gnu",
        "@rollup/rollup-linux-riscv64-gnu",
        "@rollup/rollup-linux-riscv64-musl",
        "@rollup/rollup-linux-s390x-gnu",
        "@rollup/rollup-linux-x64-gnu",
        "@rollup/rollup-linux-x64-musl",
        "@rollup/rollup-win32-arm64-msvc",
        "@rollup/rollup-win32-ia32-msvc",
        "@rollup/rollup-win32-x64-msvc",
        "fsevents"
      ],
      "bin": true
    },
    "source-map-js@1.2.1": {
      "integrity": "sha512-UXWMKhLOwVKb728IUtQPXxfYU+usdybtUrK/8uGE8CQMvrhOpwvzDBwj0QhSL7MQc7vIsISBG8VQ8+IDQxpfQA=="
    },
    "strip-ansi@7.1.0": {
      "integrity": "sha512-iq6eVVI64nQQTRYq2KtEg2d2uU7LElhTJwsH4YzIHZshxlgZms/wIc4VoDQTlG/IvVIrBKG06CrZnp0qv7hkcQ==",
      "dependencies": [
        "ansi-regex"
      ]
    },
    "tinyglobby@0.2.14_picomatch@4.0.2": {
      "integrity": "sha512-tX5e7OM1HnYr2+a2C/4V0htOcSQcoSTH9KgJnVvNm5zm/cyEWKJ7j7YutsH9CxMdtOkkLFy2AHrMci9IM8IPZQ==",
      "dependencies": [
        "fdir",
        "picomatch@4.0.2"
      ]
    },
    "to-regex-range@5.0.1": {
      "integrity": "sha512-65P7iz6X5yEr1cwcgvQxbbIw7Uk3gOy5dIdtZ4rDveLqhrdJP+Li/Hx6tyK0NEb+2GCyneCMJiGqrADCSNk8sQ==",
      "dependencies": [
        "is-number"
      ]
    },
    "toml@3.0.0": {
      "integrity": "sha512-y/mWCZinnvxjTKYhJ+pYxwD0mRLVvOtdS2Awbgxln6iEnt4rk0yBxeSBHkGJcPucRiG0e55mwWp+g/05rsrd6w=="
    },
    "undici@7.10.0": {
      "integrity": "sha512-u5otvFBOBZvmdjWLVW+5DAc9Nkq8f24g0O9oY7qw2JVIF1VocIFoyz9JFkuVOS2j41AufeO0xnlweJ2RLT8nGw=="
    },
    "uuid@11.1.0": {
      "integrity": "sha512-0/A9rDy9P7cJ+8w1c9WD9V//9Wj15Ce2MPz8Ri6032usz+NfePxx5AcN3bN+r6ZL6jEo066/yNYB3tn4pQEx+A==",
      "bin": true
    },
    "vite@6.3.4_picomatch@4.0.2": {
      "integrity": "sha512-BiReIiMS2fyFqbqNT/Qqt4CVITDU9M9vE+DKcVAsB+ZV0wvTKd+3hMbkpxz1b+NmEDMegpVbisKiAZOnvO92Sw==",
      "dependencies": [
        "esbuild",
        "fdir",
        "picomatch@4.0.2",
        "postcss",
        "rollup",
        "tinyglobby"
      ],
      "optionalDependencies": [
        "fsevents"
      ],
      "bin": true
    },
    "ws@8.18.2": {
      "integrity": "sha512-DMricUmwGZUVr++AEAe2uiVM7UoO9MAVZMDu05UQOaUII0lp+zOzLLU4Xqh/JvTqklB1T4uELaaPBKyjE1r4fQ=="
    },
    "yaml@2.8.0": {
      "integrity": "sha512-4lLa/EcQCB0cJkyts+FpIRx5G/llPxfP6VQU5KByHEhLxY3IJCH0f0Hy1MHI8sClTvsIb8qwRJ6R/ZdlDJ/leQ==",
      "bin": true
    }
  },
  "remote": {
    "https://deno.land/std@0.208.0/assert/_constants.ts": "8a9da298c26750b28b326b297316cdde860bc237533b07e1337c021379e6b2a9",
    "https://deno.land/std@0.208.0/assert/_diff.ts": "58e1461cc61d8eb1eacbf2a010932bf6a05b79344b02ca38095f9b805795dc48",
    "https://deno.land/std@0.208.0/assert/_format.ts": "a69126e8a469009adf4cf2a50af889aca364c349797e63174884a52ff75cf4c7",
    "https://deno.land/std@0.208.0/assert/assert.ts": "9a97dad6d98c238938e7540736b826440ad8c1c1e54430ca4c4e623e585607ee",
    "https://deno.land/std@0.208.0/assert/assert_almost_equals.ts": "e15ca1f34d0d5e0afae63b3f5d975cbd18335a132e42b0c747d282f62ad2cd6c",
    "https://deno.land/std@0.208.0/assert/assert_array_includes.ts": "6856d7f2c3544bc6e62fb4646dfefa3d1df5ff14744d1bca19f0cbaf3b0d66c9",
    "https://deno.land/std@0.208.0/assert/assert_equals.ts": "d8ec8a22447fbaf2fc9d7c3ed2e66790fdb74beae3e482855d75782218d68227",
    "https://deno.land/std@0.208.0/assert/assert_exists.ts": "407cb6b9fb23a835cd8d5ad804e2e2edbbbf3870e322d53f79e1c7a512e2efd7",
    "https://deno.land/std@0.208.0/assert/assert_false.ts": "0ccbcaae910f52c857192ff16ea08bda40fdc79de80846c206bfc061e8c851c6",
    "https://deno.land/std@0.208.0/assert/assert_greater.ts": "ae2158a2d19313bf675bf7251d31c6dc52973edb12ac64ac8fc7064152af3e63",
    "https://deno.land/std@0.208.0/assert/assert_greater_or_equal.ts": "1439da5ebbe20855446cac50097ac78b9742abe8e9a43e7de1ce1426d556e89c",
    "https://deno.land/std@0.208.0/assert/assert_instance_of.ts": "3aedb3d8186e120812d2b3a5dea66a6e42bf8c57a8bd927645770bd21eea554c",
    "https://deno.land/std@0.208.0/assert/assert_is_error.ts": "c21113094a51a296ffaf036767d616a78a2ae5f9f7bbd464cd0197476498b94b",
    "https://deno.land/std@0.208.0/assert/assert_less.ts": "aec695db57db42ec3e2b62e97e1e93db0063f5a6ec133326cc290ff4b71b47e4",
    "https://deno.land/std@0.208.0/assert/assert_less_or_equal.ts": "5fa8b6a3ffa20fd0a05032fe7257bf985d207b85685fdbcd23651b70f928c848",
    "https://deno.land/std@0.208.0/assert/assert_match.ts": "c4083f80600bc190309903c95e397a7c9257ff8b5ae5c7ef91e834704e672e9b",
    "https://deno.land/std@0.208.0/assert/assert_not_equals.ts": "9f1acab95bd1f5fc9a1b17b8027d894509a745d91bac1718fdab51dc76831754",
    "https://deno.land/std@0.208.0/assert/assert_not_instance_of.ts": "0c14d3dfd9ab7a5276ed8ed0b18c703d79a3d106102077ec437bfe7ed912bd22",
    "https://deno.land/std@0.208.0/assert/assert_not_match.ts": "3796a5b0c57a1ce6c1c57883dd4286be13a26f715ea662318ab43a8491a13ab0",
    "https://deno.land/std@0.208.0/assert/assert_not_strict_equals.ts": "4cdef83df17488df555c8aac1f7f5ec2b84ad161b6d0645ccdbcc17654e80c99",
    "https://deno.land/std@0.208.0/assert/assert_object_match.ts": "d8fc2867cfd92eeacf9cea621e10336b666de1874a6767b5ec48988838370b54",
    "https://deno.land/std@0.208.0/assert/assert_rejects.ts": "45c59724de2701e3b1f67c391d6c71c392363635aad3f68a1b3408f9efca0057",
    "https://deno.land/std@0.208.0/assert/assert_strict_equals.ts": "b1f538a7ea5f8348aeca261d4f9ca603127c665e0f2bbfeb91fa272787c87265",
    "https://deno.land/std@0.208.0/assert/assert_string_includes.ts": "b821d39ebf5cb0200a348863c86d8c4c4b398e02012ce74ad15666fc4b631b0c",
    "https://deno.land/std@0.208.0/assert/assert_throws.ts": "63784e951475cb7bdfd59878cd25a0931e18f6dc32a6077c454b2cd94f4f4bcd",
    "https://deno.land/std@0.208.0/assert/assertion_error.ts": "4d0bde9b374dfbcbe8ac23f54f567b77024fb67dbb1906a852d67fe050d42f56",
    "https://deno.land/std@0.208.0/assert/equal.ts": "9f1a46d5993966d2596c44e5858eec821859b45f783a5ee2f7a695dfc12d8ece",
    "https://deno.land/std@0.208.0/assert/fail.ts": "c36353d7ae6e1f7933d45f8ea51e358c8c4b67d7e7502028598fe1fea062e278",
    "https://deno.land/std@0.208.0/assert/mod.ts": "37c49a26aae2b254bbe25723434dc28cd7532e444cf0b481a97c045d110ec085",
    "https://deno.land/std@0.208.0/assert/unimplemented.ts": "d56fbeecb1f108331a380f72e3e010a1f161baa6956fd0f7cf3e095ae1a4c75a",
    "https://deno.land/std@0.208.0/assert/unreachable.ts": "4600dc0baf7d9c15a7f7d234f00c23bca8f3eba8b140286aaca7aa998cf9a536",
    "https://deno.land/std@0.208.0/fmt/colors.ts": "34b3f77432925eb72cf0bfb351616949746768620b8e5ead66da532f93d10ba2",
    "https://deno.land/std@0.208.0/testing/_test_suite.ts": "30f018feeb3835f12ab198d8a518f9089b1bcb2e8c838a8b615ab10d5005465c",
    "https://deno.land/std@0.208.0/testing/bdd.ts": "c41f019786c4a9112aadb7e5a7bbcc711f58429ac5904b3855fa248ba5fa0ba6"
  },
  "workspace": {
    "members": {
      "packages/lib": {
        "dependencies": [
          "jsr:@runt/schema@0.2",
          "jsr:@std/cli@1",
          "npm:@livestore/adapter-node@~0.3.1",
          "npm:@livestore/livestore@~0.3.1",
          "npm:@livestore/sync-cf@~0.3.1",
          "npm:@opentelemetry/api@^1.9.0"
        ]
      },
      "packages/pyodide-runtime-agent": {
        "dependencies": [
          "jsr:@openai/openai@^4.98.0",
          "jsr:@runt/lib@~0.2.1",
          "jsr:@runt/schema@0.2",
          "jsr:@std/async@1",
          "npm:@livestore/livestore@~0.3.1",
          "npm:pyodide@~0.27.7",
          "npm:strip-ansi@^7.1.0"
        ]
      },
      "packages/schema": {
        "dependencies": [
          "npm:@livestore/livestore@~0.3.1"
        ],
        "packageJson": {
          "dependencies": [
            "npm:@livestore/livestore@~0.3.1"
          ]
        }
      }
    }
  }
}
